
Microsoft Visual Studio Solution File, Format Version 12.00
# Visual Studio Version 16
VisualStudioVersion = 16.0.29102.190
MinimumVisualStudioVersion = 10.0.40219.1
Project("{FAE04EC0-301F-11D3-BF4B-00C04F79EFBC}") = "FlipSide", "FlipSide.csproj", "{02AA7E7B-0246-4371-BF02-467F7F8C4F3B}"
EndProject
Global
	GlobalSection(SolutionConfigurationPlatforms) = preSolution
		Debug|ARM = Debug|ARM
		Debug|ARM64 = Debug|ARM64
		Debug|x64 = Debug|x64
		Debug|x86 = Debug|x86
		Release|ARM = Release|ARM
		Release|ARM64 = Release|ARM64
		Release|x64 = Release|x64
		Release|x86 = Release|x86
	EndGlobalSection
	GlobalSection(ProjectConfigurationPlatforms) = postSolution
		{02AA7E7B-0246-4371-BF02-467F7F8C4F3B}.Debug|ARM.ActiveCfg = Debug|ARM
		{02AA7E7B-0246-4371-BF02-467F7F8C4F3B}.Debug|ARM.Build.0 = Debug|ARM
		{02AA7E7B-0246-4371-BF02-467F7F8C4F3B}.Debug|ARM.Deploy.0 = Debug|ARM
		{02AA7E7B-0246-4371-BF02-467F7F8C4F3B}.Debug|ARM64.ActiveCfg = Debug|ARM64
		{02AA7E7B-0246-4371-BF02-467F7F8C4F3B}.Debug|ARM64.Build.0 = Debug|ARM64
		{02AA7E7B-0246-4371-BF02-467F7F8C4F3B}.Debug|ARM64.Deploy.0 = Debug|ARM64
		{02AA7E7B-0246-4371-BF02-467F7F8C4F3B}.Debug|x64.ActiveCfg = Debug|x64
		{02AA7E7B-0246-4371-BF02-467F7F8C4F3B}.Debug|x64.Build.0 = Debug|x64
		{02AA7E7B-0246-4371-BF02-467F7F8C4F3B}.Debug|x64.Deploy.0 = Debug|x64
		{02AA7E7B-0246-4371-BF02-467F7F8C4F3B}.Debug|x86.ActiveCfg = Debug|x86
		{02AA7E7B-0246-4371-BF02-467F7F8C4F3B}.Debug|x86.Build.0 = Debug|x86
		{02AA7E7B-0246-4371-BF02-467F7F8C4F3B}.Debug|x86.Deploy.0 = Debug|x86
		{02AA7E7B-0246-4371-BF02-467F7F8C4F3B}.Release|ARM.ActiveCfg = Release|ARM
		{02AA7E7B-0246-4371-BF02-467F7F8C4F3B}.Release|ARM.Build.0 = Release|ARM
		{02AA7E7B-0246-4371-BF02-467F7F8C4F3B}.Release|ARM.Deploy.0 = Release|ARM
		{02AA7E7B-0246-4371-BF02-467F7F8C4F3B}.Release|ARM64.ActiveCfg = Release|ARM64
		{02AA7E7B-0246-4371-BF02-467F7F8C4F3B}.Release|ARM64.Build.0 = Release|ARM64
		{02AA7E7B-0246-4371-BF02-467F7F8C4F3B}.Release|ARM64.Deploy.0 = Release|ARM64
		{02AA7E7B-0246-4371-BF02-467F7F8C4F3B}.Release|x64.ActiveCfg = Release|x64
		{02AA7E7B-0246-4371-BF02-467F7F8C4F3B}.Release|x64.Build.0 = Release|x64
		{02AA7E7B-0246-4371-BF02-467F7F8C4F3B}.Release|x64.Deploy.0 = Release|x64
		{02AA7E7B-0246-4371-BF02-467F7F8C4F3B}.Release|x86.ActiveCfg = Release|x86
		{02AA7E7B-0246-4371-BF02-467F7F8C4F3B}.Release|x86.Build.0 = Release|x86
		{02AA7E7B-0246-4371-BF02-467F7F8C4F3B}.Release|x86.Deploy.0 = Release|x86
	EndGlobalSection
	GlobalSection(SolutionProperties) = preSolution
		HideSolutionNode = FALSE
	EndGlobalSection
	GlobalSection(ExtensibilityGlobals) = postSolution
		SolutionGuid = {B9B4A5ED-EF3C-4293-841B-EECE14349E18}
	EndGlobalSection
EndGlobal
